// !$*UTF8*$!
{
	archiveVersion = 1;
	classes = {
	};
	objectVersion = 56;
	objects = {

/* Begin PBXBuildFile section */
		220BF3002AEA8FCC00422BC1 /* CambioPasswordView.swift in Sources */ = {isa = PBXBuildFile; fileRef = 220BF2FF2AEA8FCC00422BC1 /* CambioPasswordView.swift */; };
		2222F4502AEA00B100E7F2F6 /* ArrendamientoSantaFeApp.swift in Sources */ = {isa = PBXBuildFile; fileRef = 2222F44F2AEA00B100E7F2F6 /* ArrendamientoSantaFeApp.swift */; };
		2222F4522AEA00B100E7F2F6 /* ContentView.swift in Sources */ = {isa = PBXBuildFile; fileRef = 2222F4512AEA00B100E7F2F6 /* ContentView.swift */; };
		2222F4542AEA00B200E7F2F6 /* Assets.xcassets in Resources */ = {isa = PBXBuildFile; fileRef = 2222F4532AEA00B200E7F2F6 /* Assets.xcassets */; };
		2222F4572AEA00B200E7F2F6 /* Preview Assets.xcassets in Resources */ = {isa = PBXBuildFile; fileRef = 2222F4562AEA00B200E7F2F6 /* Preview Assets.xcassets */; };
		2222F4612AEA00B200E7F2F6 /* ArrendamientoSantaFeTests.swift in Sources */ = {isa = PBXBuildFile; fileRef = 2222F4602AEA00B200E7F2F6 /* ArrendamientoSantaFeTests.swift */; };
		2222F46B2AEA00B200E7F2F6 /* ArrendamientoSantaFeUITests.swift in Sources */ = {isa = PBXBuildFile; fileRef = 2222F46A2AEA00B200E7F2F6 /* ArrendamientoSantaFeUITests.swift */; };
		2222F46D2AEA00B200E7F2F6 /* ArrendamientoSantaFeUITestsLaunchTests.swift in Sources */ = {isa = PBXBuildFile; fileRef = 2222F46C2AEA00B200E7F2F6 /* ArrendamientoSantaFeUITestsLaunchTests.swift */; };
		227540882B0CA8CA006791C3 /* EditarPreferenciasView.swift in Sources */ = {isa = PBXBuildFile; fileRef = 227540872B0CA8CA006791C3 /* EditarPreferenciasView.swift */; };
		2275408A2B0CB078006791C3 /* EstadoContratosView.swift in Sources */ = {isa = PBXBuildFile; fileRef = 227540892B0CB078006791C3 /* EstadoContratosView.swift */; };
		2275408C2B0CD0A3006791C3 /* ComunicarseConArrendadorView.swift in Sources */ = {isa = PBXBuildFile; fileRef = 2275408B2B0CD0A3006791C3 /* ComunicarseConArrendadorView.swift */; };
		2275408E2B0CE38A006791C3 /* ListaRegistrosView.swift in Sources */ = {isa = PBXBuildFile; fileRef = 2275408D2B0CE38A006791C3 /* ListaRegistrosView.swift */; };
		227540902B0D067D006791C3 /* ListaDeFavoritosView.swift in Sources */ = {isa = PBXBuildFile; fileRef = 2275408F2B0D067D006791C3 /* ListaDeFavoritosView.swift */; };
		22894EA92AEA67DE0088E28A /* HistorialPagosView.swift in Sources */ = {isa = PBXBuildFile; fileRef = 22894EA82AEA67DE0088E28A /* HistorialPagosView.swift */; };
		22894EAD2AEA68C20088E28A /* NormasComunidadView.swift in Sources */ = {isa = PBXBuildFile; fileRef = 22894EAC2AEA68C20088E28A /* NormasComunidadView.swift */; };
		22894EAF2AEA692A0088E28A /* AgendarVisitaView.swift in Sources */ = {isa = PBXBuildFile; fileRef = 22894EAE2AEA692A0088E28A /* AgendarVisitaView.swift */; };
		22894EB12AEA695F0088E28A /* CargarDocumentosView.swift in Sources */ = {isa = PBXBuildFile; fileRef = 22894EB02AEA695F0088E28A /* CargarDocumentosView.swift */; };
		22894EB32AEA69920088E28A /* VerCalendarioView.swift in Sources */ = {isa = PBXBuildFile; fileRef = 22894EB22AEA69920088E28A /* VerCalendarioView.swift */; };
		22894EB52AEA69C00088E28A /* VerPerfilView.swift in Sources */ = {isa = PBXBuildFile; fileRef = 22894EB42AEA69C00088E28A /* VerPerfilView.swift */; };
		22894EB72AEA69F10088E28A /* VerPropiedadView.swift in Sources */ = {isa = PBXBuildFile; fileRef = 22894EB62AEA69F10088E28A /* VerPropiedadView.swift */; };
		22894EB92AEA6A2B0088E28A /* CalificarContenidoView.swift in Sources */ = {isa = PBXBuildFile; fileRef = 22894EB82AEA6A2B0088E28A /* CalificarContenidoView.swift */; };
		22981B2D2AEA74C8008373EA /* PruebaView.swift in Sources */ = {isa = PBXBuildFile; fileRef = 22981B2C2AEA74C8008373EA /* PruebaView.swift */; };
		22C984C52AEA59CA008CAAE2 /* ContratosView.swift in Sources */ = {isa = PBXBuildFile; fileRef = 22C984C42AEA59CA008CAAE2 /* ContratosView.swift */; };
		22ED419A2AEA30EC00FDF938 /* .gitignore in Resources */ = {isa = PBXBuildFile; fileRef = 22ED41992AEA30EC00FDF938 /* .gitignore */; };
		22ED419E2AEA432D00FDF938 /* Home.swift in Sources */ = {isa = PBXBuildFile; fileRef = 22ED419D2AEA432D00FDF938 /* Home.swift */; };
/* End PBXBuildFile section */

/* Begin PBXContainerItemProxy section */
		2222F45D2AEA00B200E7F2F6 /* PBXContainerItemProxy */ = {
			isa = PBXContainerItemProxy;
			containerPortal = 2222F4442AEA00B100E7F2F6 /* Project object */;
			proxyType = 1;
			remoteGlobalIDString = 2222F44B2AEA00B100E7F2F6;
			remoteInfo = ArrendamientoSantaFe;
		};
		2222F4672AEA00B200E7F2F6 /* PBXContainerItemProxy */ = {
			isa = PBXContainerItemProxy;
			containerPortal = 2222F4442AEA00B100E7F2F6 /* Project object */;
			proxyType = 1;
			remoteGlobalIDString = 2222F44B2AEA00B100E7F2F6;
			remoteInfo = ArrendamientoSantaFe;
		};
/* End PBXContainerItemProxy section */

/* Begin PBXFileReference section */
		220BF2FF2AEA8FCC00422BC1 /* CambioPasswordView.swift */ = {isa = PBXFileReference; lastKnownFileType = sourcecode.swift; path = CambioPasswordView.swift; sourceTree = "<group>"; };
		2222F44C2AEA00B100E7F2F6 /* ArrendamientoSantaFe.app */ = {isa = PBXFileReference; explicitFileType = wrapper.application; includeInIndex = 0; path = ArrendamientoSantaFe.app; sourceTree = BUILT_PRODUCTS_DIR; };
		2222F44F2AEA00B100E7F2F6 /* ArrendamientoSantaFeApp.swift */ = {isa = PBXFileReference; lastKnownFileType = sourcecode.swift; path = ArrendamientoSantaFeApp.swift; sourceTree = "<group>"; };
		2222F4512AEA00B100E7F2F6 /* ContentView.swift */ = {isa = PBXFileReference; lastKnownFileType = sourcecode.swift; path = ContentView.swift; sourceTree = "<group>"; };
		2222F4532AEA00B200E7F2F6 /* Assets.xcassets */ = {isa = PBXFileReference; lastKnownFileType = folder.assetcatalog; path = Assets.xcassets; sourceTree = "<group>"; };
		2222F4562AEA00B200E7F2F6 /* Preview Assets.xcassets */ = {isa = PBXFileReference; lastKnownFileType = folder.assetcatalog; path = "Preview Assets.xcassets"; sourceTree = "<group>"; };
		2222F45C2AEA00B200E7F2F6 /* ArrendamientoSantaFeTests.xctest */ = {isa = PBXFileReference; explicitFileType = wrapper.cfbundle; includeInIndex = 0; path = ArrendamientoSantaFeTests.xctest; sourceTree = BUILT_PRODUCTS_DIR; };
		2222F4602AEA00B200E7F2F6 /* ArrendamientoSantaFeTests.swift */ = {isa = PBXFileReference; lastKnownFileType = sourcecode.swift; path = ArrendamientoSantaFeTests.swift; sourceTree = "<group>"; };
		2222F4662AEA00B200E7F2F6 /* ArrendamientoSantaFeUITests.xctest */ = {isa = PBXFileReference; explicitFileType = wrapper.cfbundle; includeInIndex = 0; path = ArrendamientoSantaFeUITests.xctest; sourceTree = BUILT_PRODUCTS_DIR; };
		2222F46A2AEA00B200E7F2F6 /* ArrendamientoSantaFeUITests.swift */ = {isa = PBXFileReference; lastKnownFileType = sourcecode.swift; path = ArrendamientoSantaFeUITests.swift; sourceTree = "<group>"; };
		2222F46C2AEA00B200E7F2F6 /* ArrendamientoSantaFeUITestsLaunchTests.swift */ = {isa = PBXFileReference; lastKnownFileType = sourcecode.swift; path = ArrendamientoSantaFeUITestsLaunchTests.swift; sourceTree = "<group>"; };
		227540872B0CA8CA006791C3 /* EditarPreferenciasView.swift */ = {isa = PBXFileReference; lastKnownFileType = sourcecode.swift; path = EditarPreferenciasView.swift; sourceTree = "<group>"; };
		227540892B0CB078006791C3 /* EstadoContratosView.swift */ = {isa = PBXFileReference; lastKnownFileType = sourcecode.swift; path = EstadoContratosView.swift; sourceTree = "<group>"; };
		2275408B2B0CD0A3006791C3 /* ComunicarseConArrendadorView.swift */ = {isa = PBXFileReference; lastKnownFileType = sourcecode.swift; path = ComunicarseConArrendadorView.swift; sourceTree = "<group>"; };
		2275408D2B0CE38A006791C3 /* ListaRegistrosView.swift */ = {isa = PBXFileReference; lastKnownFileType = sourcecode.swift; path = ListaRegistrosView.swift; sourceTree = "<group>"; };
		2275408F2B0D067D006791C3 /* ListaDeFavoritosView.swift */ = {isa = PBXFileReference; lastKnownFileType = sourcecode.swift; path = ListaDeFavoritosView.swift; sourceTree = "<group>"; };
		22894EA82AEA67DE0088E28A /* HistorialPagosView.swift */ = {isa = PBXFileReference; lastKnownFileType = sourcecode.swift; path = HistorialPagosView.swift; sourceTree = "<group>"; };
		22894EAC2AEA68C20088E28A /* NormasComunidadView.swift */ = {isa = PBXFileReference; lastKnownFileType = sourcecode.swift; path = NormasComunidadView.swift; sourceTree = "<group>"; };
		22894EAE2AEA692A0088E28A /* AgendarVisitaView.swift */ = {isa = PBXFileReference; lastKnownFileType = sourcecode.swift; path = AgendarVisitaView.swift; sourceTree = "<group>"; };
		22894EB02AEA695F0088E28A /* CargarDocumentosView.swift */ = {isa = PBXFileReference; lastKnownFileType = sourcecode.swift; path = CargarDocumentosView.swift; sourceTree = "<group>"; };
		22894EB22AEA69920088E28A /* VerCalendarioView.swift */ = {isa = PBXFileReference; lastKnownFileType = sourcecode.swift; path = VerCalendarioView.swift; sourceTree = "<group>"; };
		22894EB42AEA69C00088E28A /* VerPerfilView.swift */ = {isa = PBXFileReference; lastKnownFileType = sourcecode.swift; path = VerPerfilView.swift; sourceTree = "<group>"; };
		22894EB62AEA69F10088E28A /* VerPropiedadView.swift */ = {isa = PBXFileReference; lastKnownFileType = sourcecode.swift; path = VerPropiedadView.swift; sourceTree = "<group>"; };
		22894EB82AEA6A2B0088E28A /* CalificarContenidoView.swift */ = {isa = PBXFileReference; lastKnownFileType = sourcecode.swift; path = CalificarContenidoView.swift; sourceTree = "<group>"; };
		22981B2C2AEA74C8008373EA /* PruebaView.swift */ = {isa = PBXFileReference; lastKnownFileType = sourcecode.swift; path = PruebaView.swift; sourceTree = "<group>"; };
		22C984C42AEA59CA008CAAE2 /* ContratosView.swift */ = {isa = PBXFileReference; lastKnownFileType = sourcecode.swift; path = ContratosView.swift; sourceTree = "<group>"; };
		22ED41992AEA30EC00FDF938 /* .gitignore */ = {isa = PBXFileReference; lastKnownFileType = text; path = .gitignore; sourceTree = "<group>"; };
		22ED419D2AEA432D00FDF938 /* Home.swift */ = {isa = PBXFileReference; lastKnownFileType = sourcecode.swift; path = Home.swift; sourceTree = "<group>"; };
/* End PBXFileReference section */

/* Begin PBXFrameworksBuildPhase section */
		2222F4492AEA00B100E7F2F6 /* Frameworks */ = {
			isa = PBXFrameworksBuildPhase;
			buildActionMask = 2147483647;
			files = (
			);
			runOnlyForDeploymentPostprocessing = 0;
		};
		2222F4592AEA00B200E7F2F6 /* Frameworks */ = {
			isa = PBXFrameworksBuildPhase;
			buildActionMask = 2147483647;
			files = (
			);
			runOnlyForDeploymentPostprocessing = 0;
		};
		2222F4632AEA00B200E7F2F6 /* Frameworks */ = {
			isa = PBXFrameworksBuildPhase;
			buildActionMask = 2147483647;
			files = (
			);
			runOnlyForDeploymentPostprocessing = 0;
		};
/* End PBXFrameworksBuildPhase section */

/* Begin PBXGroup section */
		2222F4432AEA00B100E7F2F6 = {
			isa = PBXGroup;
			children = (
				22ED41992AEA30EC00FDF938 /* .gitignore */,
				2222F44E2AEA00B100E7F2F6 /* ArrendamientoSantaFe */,
				2222F45F2AEA00B200E7F2F6 /* ArrendamientoSantaFeTests */,
				2222F4692AEA00B200E7F2F6 /* ArrendamientoSantaFeUITests */,
				2222F44D2AEA00B100E7F2F6 /* Products */,
			);
			sourceTree = "<group>";
		};
		2222F44D2AEA00B100E7F2F6 /* Products */ = {
			isa = PBXGroup;
			children = (
				2222F44C2AEA00B100E7F2F6 /* ArrendamientoSantaFe.app */,
				2222F45C2AEA00B200E7F2F6 /* ArrendamientoSantaFeTests.xctest */,
				2222F4662AEA00B200E7F2F6 /* ArrendamientoSantaFeUITests.xctest */,
			);
			name = Products;
			sourceTree = "<group>";
		};
		2222F44E2AEA00B100E7F2F6 /* ArrendamientoSantaFe */ = {
			isa = PBXGroup;
			children = (
				2222F44F2AEA00B100E7F2F6 /* ArrendamientoSantaFeApp.swift */,
				2222F4512AEA00B100E7F2F6 /* ContentView.swift */,
				22ED419D2AEA432D00FDF938 /* Home.swift */,
				22C984C42AEA59CA008CAAE2 /* ContratosView.swift */,
				22894EA82AEA67DE0088E28A /* HistorialPagosView.swift */,
				227540892B0CB078006791C3 /* EstadoContratosView.swift */,
				22894EAC2AEA68C20088E28A /* NormasComunidadView.swift */,
				22894EAE2AEA692A0088E28A /* AgendarVisitaView.swift */,
				22894EB02AEA695F0088E28A /* CargarDocumentosView.swift */,
				22894EB22AEA69920088E28A /* VerCalendarioView.swift */,
				22894EB42AEA69C00088E28A /* VerPerfilView.swift */,
				22894EB62AEA69F10088E28A /* VerPropiedadView.swift */,
				22894EB82AEA6A2B0088E28A /* CalificarContenidoView.swift */,
				220BF2FF2AEA8FCC00422BC1 /* CambioPasswordView.swift */,
				227540872B0CA8CA006791C3 /* EditarPreferenciasView.swift */,
				2275408B2B0CD0A3006791C3 /* ComunicarseConArrendadorView.swift */,
				2275408D2B0CE38A006791C3 /* ListaRegistrosView.swift */,
				2275408F2B0D067D006791C3 /* ListaDeFavoritosView.swift */,
				2222F4532AEA00B200E7F2F6 /* Assets.xcassets */,
				2222F4552AEA00B200E7F2F6 /* Preview Content */,
				22981B2C2AEA74C8008373EA /* PruebaView.swift */,
			);
			path = ArrendamientoSantaFe;
			sourceTree = "<group>";
		};
		2222F4552AEA00B200E7F2F6 /* Preview Content */ = {
			isa = PBXGroup;
			children = (
				2222F4562AEA00B200E7F2F6 /* Preview Assets.xcassets */,
			);
			path = "Preview Content";
			sourceTree = "<group>";
		};
		2222F45F2AEA00B200E7F2F6 /* ArrendamientoSantaFeTests */ = {
			isa = PBXGroup;
			children = (
				2222F4602AEA00B200E7F2F6 /* ArrendamientoSantaFeTests.swift */,
			);
			path = ArrendamientoSantaFeTests;
			sourceTree = "<group>";
		};
		2222F4692AEA00B200E7F2F6 /* ArrendamientoSantaFeUITests */ = {
			isa = PBXGroup;
			children = (
				2222F46A2AEA00B200E7F2F6 /* ArrendamientoSantaFeUITests.swift */,
				2222F46C2AEA00B200E7F2F6 /* ArrendamientoSantaFeUITestsLaunchTests.swift */,
			);
			path = ArrendamientoSantaFeUITests;
			sourceTree = "<group>";
		};
/* End PBXGroup section */

/* Begin PBXNativeTarget section */
		2222F44B2AEA00B100E7F2F6 /* ArrendamientoSantaFe */ = {
			isa = PBXNativeTarget;
			buildConfigurationList = 2222F4702AEA00B200E7F2F6 /* Build configuration list for PBXNativeTarget "ArrendamientoSantaFe" */;
			buildPhases = (
				2222F4482AEA00B100E7F2F6 /* Sources */,
				2222F4492AEA00B100E7F2F6 /* Frameworks */,
				2222F44A2AEA00B100E7F2F6 /* Resources */,
			);
			buildRules = (
			);
			dependencies = (
			);
			name = ArrendamientoSantaFe;
			productName = ArrendamientoSantaFe;
			productReference = 2222F44C2AEA00B100E7F2F6 /* ArrendamientoSantaFe.app */;
			productType = "com.apple.product-type.application";
		};
		2222F45B2AEA00B200E7F2F6 /* ArrendamientoSantaFeTests */ = {
			isa = PBXNativeTarget;
			buildConfigurationList = 2222F4732AEA00B200E7F2F6 /* Build configuration list for PBXNativeTarget "ArrendamientoSantaFeTests" */;
			buildPhases = (
				2222F4582AEA00B200E7F2F6 /* Sources */,
				2222F4592AEA00B200E7F2F6 /* Frameworks */,
				2222F45A2AEA00B200E7F2F6 /* Resources */,
			);
			buildRules = (
			);
			dependencies = (
				2222F45E2AEA00B200E7F2F6 /* PBXTargetDependency */,
			);
			name = ArrendamientoSantaFeTests;
			productName = ArrendamientoSantaFeTests;
			productReference = 2222F45C2AEA00B200E7F2F6 /* ArrendamientoSantaFeTests.xctest */;
			productType = "com.apple.product-type.bundle.unit-test";
		};
		2222F4652AEA00B200E7F2F6 /* ArrendamientoSantaFeUITests */ = {
			isa = PBXNativeTarget;
			buildConfigurationList = 2222F4762AEA00B200E7F2F6 /* Build configuration list for PBXNativeTarget "ArrendamientoSantaFeUITests" */;
			buildPhases = (
				2222F4622AEA00B200E7F2F6 /* Sources */,
				2222F4632AEA00B200E7F2F6 /* Frameworks */,
				2222F4642AEA00B200E7F2F6 /* Resources */,
			);
			buildRules = (
			);
			dependencies = (
				2222F4682AEA00B200E7F2F6 /* PBXTargetDependency */,
			);
			name = ArrendamientoSantaFeUITests;
			productName = ArrendamientoSantaFeUITests;
			productReference = 2222F4662AEA00B200E7F2F6 /* ArrendamientoSantaFeUITests.xctest */;
			productType = "com.apple.product-type.bundle.ui-testing";
		};
/* End PBXNativeTarget section */

/* Begin PBXProject section */
		2222F4442AEA00B100E7F2F6 /* Project object */ = {
			isa = PBXProject;
			attributes = {
				BuildIndependentTargetsInParallel = 1;
				LastSwiftUpdateCheck = 1500;
				LastUpgradeCheck = 1500;
				TargetAttributes = {
					2222F44B2AEA00B100E7F2F6 = {
						CreatedOnToolsVersion = 15.0;
					};
					2222F45B2AEA00B200E7F2F6 = {
						CreatedOnToolsVersion = 15.0;
						TestTargetID = 2222F44B2AEA00B100E7F2F6;
					};
					2222F4652AEA00B200E7F2F6 = {
						CreatedOnToolsVersion = 15.0;
						TestTargetID = 2222F44B2AEA00B100E7F2F6;
					};
				};
			};
			buildConfigurationList = 2222F4472AEA00B100E7F2F6 /* Build configuration list for PBXProject "ArrendamientoSantaFe" */;
			compatibilityVersion = "Xcode 14.0";
			developmentRegion = en;
			hasScannedForEncodings = 0;
			knownRegions = (
				en,
				Base,
			);
			mainGroup = 2222F4432AEA00B100E7F2F6;
			productRefGroup = 2222F44D2AEA00B100E7F2F6 /* Products */;
			projectDirPath = "";
			projectRoot = "";
			targets = (
				2222F44B2AEA00B100E7F2F6 /* ArrendamientoSantaFe */,
				2222F45B2AEA00B200E7F2F6 /* ArrendamientoSantaFeTests */,
				2222F4652AEA00B200E7F2F6 /* ArrendamientoSantaFeUITests */,
			);
		};
/* End PBXProject section */

/* Begin PBXResourcesBuildPhase section */
		2222F44A2AEA00B100E7F2F6 /* Resources */ = {
			isa = PBXResourcesBuildPhase;
			buildActionMask = 2147483647;
			files = (
				2222F4572AEA00B200E7F2F6 /* Preview Assets.xcassets in Resources */,
				22ED419A2AEA30EC00FDF938 /* .gitignore in Resources */,
				2222F4542AEA00B200E7F2F6 /* Assets.xcassets in Resources */,
			);
			runOnlyForDeploymentPostprocessing = 0;
		};
		2222F45A2AEA00B200E7F2F6 /* Resources */ = {
			isa = PBXResourcesBuildPhase;
			buildActionMask = 2147483647;
			files = (
			);
			runOnlyForDeploymentPostprocessing = 0;
		};
		2222F4642AEA00B200E7F2F6 /* Resources */ = {
			isa = PBXResourcesBuildPhase;
			buildActionMask = 2147483647;
			files = (
			);
			runOnlyForDeploymentPostprocessing = 0;
		};
/* End PBXResourcesBuildPhase section */

/* Begin PBXSourcesBuildPhase section */
		2222F4482AEA00B100E7F2F6 /* Sources */ = {
			isa = PBXSourcesBuildPhase;
			buildActionMask = 2147483647;
			files = (
				220BF3002AEA8FCC00422BC1 /* CambioPasswordView.swift in Sources */,
				22894EB52AEA69C00088E28A /* VerPerfilView.swift in Sources */,
				227540882B0CA8CA006791C3 /* EditarPreferenciasView.swift in Sources */,
				2275408A2B0CB078006791C3 /* EstadoContratosView.swift in Sources */,
				22894EAD2AEA68C20088E28A /* NormasComunidadView.swift in Sources */,
				2222F4522AEA00B100E7F2F6 /* ContentView.swift in Sources */,
				22ED419E2AEA432D00FDF938 /* Home.swift in Sources */,
				22C984C52AEA59CA008CAAE2 /* ContratosView.swift in Sources */,
				22981B2D2AEA74C8008373EA /* PruebaView.swift in Sources */,
				22894EB72AEA69F10088E28A /* VerPropiedadView.swift in Sources */,
				2222F4502AEA00B100E7F2F6 /* ArrendamientoSantaFeApp.swift in Sources */,
				22894EA92AEA67DE0088E28A /* HistorialPagosView.swift in Sources */,
				22894EAF2AEA692A0088E28A /* AgendarVisitaView.swift in Sources */,
				2275408E2B0CE38A006791C3 /* ListaRegistrosView.swift in Sources */,
				2275408C2B0CD0A3006791C3 /* ComunicarseConArrendadorView.swift in Sources */,
				22894EB92AEA6A2B0088E28A /* CalificarContenidoView.swift in Sources */,
				22894EB32AEA69920088E28A /* VerCalendarioView.swift in Sources */,
				22894EB12AEA695F0088E28A /* CargarDocumentosView.swift in Sources */,
				227540902B0D067D006791C3 /* ListaDeFavoritosView.swift in Sources */,
			);
			runOnlyForDeploymentPostprocessing = 0;
		};
		2222F4582AEA00B200E7F2F6 /* Sources */ = {
			isa = PBXSourcesBuildPhase;
			buildActionMask = 2147483647;
			files = (
				2222F4612AEA00B200E7F2F6 /* ArrendamientoSantaFeTests.swift in Sources */,
			);
			runOnlyForDeploymentPostprocessing = 0;
		};
		2222F4622AEA00B200E7F2F6 /* Sources */ = {
			isa = PBXSourcesBuildPhase;
			buildActionMask = 2147483647;
			files = (
				2222F46B2AEA00B200E7F2F6 /* ArrendamientoSantaFeUITests.swift in Sources */,
				2222F46D2AEA00B200E7F2F6 /* ArrendamientoSantaFeUITestsLaunchTests.swift in Sources */,
			);
			runOnlyForDeploymentPostprocessing = 0;
		};
/* End PBXSourcesBuildPhase section */

/* Begin PBXTargetDependency section */
		2222F45E2AEA00B200E7F2F6 /* PBXTargetDependency */ = {
			isa = PBXTargetDependency;
			target = 2222F44B2AEA00B100E7F2F6 /* ArrendamientoSantaFe */;
			targetProxy = 2222F45D2AEA00B200E7F2F6 /* PBXContainerItemProxy */;
		};
		2222F4682AEA00B200E7F2F6 /* PBXTargetDependency */ = {
			isa = PBXTargetDependency;
			target = 2222F44B2AEA00B100E7F2F6 /* ArrendamientoSantaFe */;
			targetProxy = 2222F4672AEA00B200E7F2F6 /* PBXContainerItemProxy */;
		};
/* End PBXTargetDependency section */

/* Begin XCBuildConfiguration section */
		2222F46E2AEA00B200E7F2F6 /* Debug */ = {
			isa = XCBuildConfiguration;
			buildSettings = {
				ALWAYS_SEARCH_USER_PATHS = NO;
				ASSETCATALOG_COMPILER_GENERATE_SWIFT_ASSET_SYMBOL_EXTENSIONS = YES;
				CLANG_ANALYZER_NONNULL = YES;
				CLANG_ANALYZER_NUMBER_OBJECT_CONVERSION = YES_AGGRESSIVE;
				CLANG_CXX_LANGUAGE_STANDARD = "gnu++20";
				CLANG_ENABLE_MODULES = YES;
				CLANG_ENABLE_OBJC_ARC = YES;
				CLANG_ENABLE_OBJC_WEAK = YES;
				CLANG_WARN_BLOCK_CAPTURE_AUTORELEASING = YES;
				CLANG_WARN_BOOL_CONVERSION = YES;
				CLANG_WARN_COMMA = YES;
				CLANG_WARN_CONSTANT_CONVERSION = YES;
				CLANG_WARN_DEPRECATED_OBJC_IMPLEMENTATIONS = YES;
				CLANG_WARN_DIRECT_OBJC_ISA_USAGE = YES_ERROR;
				CLANG_WARN_DOCUMENTATION_COMMENTS = YES;
				CLANG_WARN_EMPTY_BODY = YES;
				CLANG_WARN_ENUM_CONVERSION = YES;
				CLANG_WARN_INFINITE_RECURSION = YES;
				CLANG_WARN_INT_CONVERSION = YES;
				CLANG_WARN_NON_LITERAL_NULL_CONVERSION = YES;
				CLANG_WARN_OBJC_IMPLICIT_RETAIN_SELF = YES;
				CLANG_WARN_OBJC_LITERAL_CONVERSION = YES;
				CLANG_WARN_OBJC_ROOT_CLASS = YES_ERROR;
				CLANG_WARN_QUOTED_INCLUDE_IN_FRAMEWORK_HEADER = YES;
				CLANG_WARN_RANGE_LOOP_ANALYSIS = YES;
				CLANG_WARN_STRICT_PROTOTYPES = YES;
				CLANG_WARN_SUSPICIOUS_MOVE = YES;
				CLANG_WARN_UNGUARDED_AVAILABILITY = YES_AGGRESSIVE;
				CLANG_WARN_UNREACHABLE_CODE = YES;
				CLANG_WARN__DUPLICATE_METHOD_MATCH = YES;
				COPY_PHASE_STRIP = NO;
				DEBUG_INFORMATION_FORMAT = dwarf;
				ENABLE_STRICT_OBJC_MSGSEND = YES;
				ENABLE_TESTABILITY = YES;
				ENABLE_USER_SCRIPT_SANDBOXING = YES;
				GCC_C_LANGUAGE_STANDARD = gnu17;
				GCC_DYNAMIC_NO_PIC = NO;
				GCC_NO_COMMON_BLOCKS = YES;
				GCC_OPTIMIZATION_LEVEL = 0;
				GCC_PREPROCESSOR_DEFINITIONS = (
					"DEBUG=1",
					"$(inherited)",
				);
				GCC_WARN_64_TO_32_BIT_CONVERSION = YES;
				GCC_WARN_ABOUT_RETURN_TYPE = YES_ERROR;
				GCC_WARN_UNDECLARED_SELECTOR = YES;
				GCC_WARN_UNINITIALIZED_AUTOS = YES_AGGRESSIVE;
				GCC_WARN_UNUSED_FUNCTION = YES;
				GCC_WARN_UNUSED_VARIABLE = YES;
				IPHONEOS_DEPLOYMENT_TARGET = 17.0;
				LOCALIZATION_PREFERS_STRING_CATALOGS = YES;
				MTL_ENABLE_DEBUG_INFO = INCLUDE_SOURCE;
				MTL_FAST_MATH = YES;
				ONLY_ACTIVE_ARCH = YES;
				SDKROOT = iphoneos;
				SWIFT_ACTIVE_COMPILATION_CONDITIONS = "DEBUG $(inherited)";
				SWIFT_OPTIMIZATION_LEVEL = "-Onone";
			};
			name = Debug;
		};
		2222F46F2AEA00B200E7F2F6 /* Release */ = {
			isa = XCBuildConfiguration;
			buildSettings = {
				ALWAYS_SEARCH_USER_PATHS = NO;
				ASSETCATALOG_COMPILER_GENERATE_SWIFT_ASSET_SYMBOL_EXTENSIONS = YES;
				CLANG_ANALYZER_NONNULL = YES;
				CLANG_ANALYZER_NUMBER_OBJECT_CONVERSION = YES_AGGRESSIVE;
				CLANG_CXX_LANGUAGE_STANDARD = "gnu++20";
				CLANG_ENABLE_MODULES = YES;
				CLANG_ENABLE_OBJC_ARC = YES;
				CLANG_ENABLE_OBJC_WEAK = YES;
				CLANG_WARN_BLOCK_CAPTURE_AUTORELEASING = YES;
				CLANG_WARN_BOOL_CONVERSION = YES;
				CLANG_WARN_COMMA = YES;
				CLANG_WARN_CONSTANT_CONVERSION = YES;
				CLANG_WARN_DEPRECATED_OBJC_IMPLEMENTATIONS = YES;
				CLANG_WARN_DIRECT_OBJC_ISA_USAGE = YES_ERROR;
				CLANG_WARN_DOCUMENTATION_COMMENTS = YES;
				CLANG_WARN_EMPTY_BODY = YES;
				CLANG_WARN_ENUM_CONVERSION = YES;
				CLANG_WARN_INFINITE_RECURSION = YES;
				CLANG_WARN_INT_CONVERSION = YES;
				CLANG_WARN_NON_LITERAL_NULL_CONVERSION = YES;
				CLANG_WARN_OBJC_IMPLICIT_RETAIN_SELF = YES;
				CLANG_WARN_OBJC_LITERAL_CONVERSION = YES;
				CLANG_WARN_OBJC_ROOT_CLASS = YES_ERROR;
				CLANG_WARN_QUOTED_INCLUDE_IN_FRAMEWORK_HEADER = YES;
				CLANG_WARN_RANGE_LOOP_ANALYSIS = YES;
				CLANG_WARN_STRICT_PROTOTYPES = YES;
				CLANG_WARN_SUSPICIOUS_MOVE = YES;
				CLANG_WARN_UNGUARDED_AVAILABILITY = YES_AGGRESSIVE;
				CLANG_WARN_UNREACHABLE_CODE = YES;
				CLANG_WARN__DUPLICATE_METHOD_MATCH = YES;
				COPY_PHASE_STRIP = NO;
				DEBUG_INFORMATION_FORMAT = "dwarf-with-dsym";
				ENABLE_NS_ASSERTIONS = NO;
				ENABLE_STRICT_OBJC_MSGSEND = YES;
				ENABLE_USER_SCRIPT_SANDBOXING = YES;
				GCC_C_LANGUAGE_STANDARD = gnu17;
				GCC_NO_COMMON_BLOCKS = YES;
				GCC_WARN_64_TO_32_BIT_CONVERSION = YES;
				GCC_WARN_ABOUT_RETURN_TYPE = YES_ERROR;
				GCC_WARN_UNDECLARED_SELECTOR = YES;
				GCC_WARN_UNINITIALIZED_AUTOS = YES_AGGRESSIVE;
				GCC_WARN_UNUSED_FUNCTION = YES;
				GCC_WARN_UNUSED_VARIABLE = YES;
				IPHONEOS_DEPLOYMENT_TARGET = 17.0;
				LOCALIZATION_PREFERS_STRING_CATALOGS = YES;
				MTL_ENABLE_DEBUG_INFO = NO;
				MTL_FAST_MATH = YES;
				SDKROOT = iphoneos;
				SWIFT_COMPILATION_MODE = wholemodule;
				VALIDATE_PRODUCT = YES;
			};
			name = Release;
		};
		2222F4712AEA00B200E7F2F6 /* Debug */ = {
			isa = XCBuildConfiguration;
			buildSettings = {
				ASSETCATALOG_COMPILER_APPICON_NAME = AppIcon;
				ASSETCATALOG_COMPILER_GLOBAL_ACCENT_COLOR_NAME = AccentColor;
				CODE_SIGN_STYLE = Automatic;
				CURRENT_PROJECT_VERSION = 1;
				DEVELOPMENT_ASSET_PATHS = "\"ArrendamientoSantaFe/Preview Content\"";
				ENABLE_PREVIEWS = YES;
				GENERATE_INFOPLIST_FILE = YES;
				INFOPLIST_KEY_UIApplicationSceneManifest_Generation = YES;
				INFOPLIST_KEY_UIApplicationSupportsIndirectInputEvents = YES;
				INFOPLIST_KEY_UILaunchScreen_Generation = YES;
				INFOPLIST_KEY_UISupportedInterfaceOrientations_iPad = "UIInterfaceOrientationPortrait UIInterfaceOrientationPortraitUpsideDown UIInterfaceOrientationLandscapeLeft UIInterfaceOrientationLandscapeRight";
				INFOPLIST_KEY_UISupportedInterfaceOrientations_iPhone = "UIInterfaceOrientationPortrait UIInterfaceOrientationLandscapeLeft UIInterfaceOrientationLandscapeRight";
				LD_RUNPATH_SEARCH_PATHS = (
					"$(inherited)",
					"@executable_path/Frameworks",
				);
				MARKETING_VERSION = 1.0;
				PRODUCT_BUNDLE_IDENTIFIER = santafe.ArrendamientoSantaFe;
				PRODUCT_NAME = "$(TARGET_NAME)";
				SWIFT_EMIT_LOC_STRINGS = YES;
				SWIFT_VERSION = 5.0;
				TARGETED_DEVICE_FAMILY = "1,2";
			};
			name = Debug;
		};
		2222F4722AEA00B200E7F2F6 /* Release */ = {
			isa = XCBuildConfiguration;
			buildSettings = {
				ASSETCATALOG_COMPILER_APPICON_NAME = AppIcon;
				ASSETCATALOG_COMPILER_GLOBAL_ACCENT_COLOR_NAME = AccentColor;
				CODE_SIGN_STYLE = Automatic;
				CURRENT_PROJECT_VERSION = 1;
				DEVELOPMENT_ASSET_PATHS = "\"ArrendamientoSantaFe/Preview Content\"";
				ENABLE_PREVIEWS = YES;
				GENERATE_INFOPLIST_FILE = YES;
				INFOPLIST_KEY_UIApplicationSceneManifest_Generation = YES;
				INFOPLIST_KEY_UIApplicationSupportsIndirectInputEvents = YES;
				INFOPLIST_KEY_UILaunchScreen_Generation = YES;
				INFOPLIST_KEY_UISupportedInterfaceOrientations_iPad = "UIInterfaceOrientationPortrait UIInterfaceOrientationPortraitUpsideDown UIInterfaceOrientationLandscapeLeft UIInterfaceOrientationLandscapeRight";
				INFOPLIST_KEY_UISupportedInterfaceOrientations_iPhone = "UIInterfaceOrientationPortrait UIInterfaceOrientationLandscapeLeft UIInterfaceOrientationLandscapeRight";
				LD_RUNPATH_SEARCH_PATHS = (
					"$(inherited)",
					"@executable_path/Frameworks",
				);
				MARKETING_VERSION = 1.0;
				PRODUCT_BUNDLE_IDENTIFIER = santafe.ArrendamientoSantaFe;
				PRODUCT_NAME = "$(TARGET_NAME)";
				SWIFT_EMIT_LOC_STRINGS = YES;
				SWIFT_VERSION = 5.0;
				TARGETED_DEVICE_FAMILY = "1,2";
			};
			name = Release;
		};
		2222F4742AEA00B200E7F2F6 /* Debug */ = {
			isa = XCBuildConfiguration;
			buildSettings = {
				ALWAYS_EMBED_SWIFT_STANDARD_LIBRARIES = YES;
				BUNDLE_LOADER = "$(TEST_HOST)";
				CODE_SIGN_STYLE = Automatic;
				CURRENT_PROJECT_VERSION = 1;
				GENERATE_INFOPLIST_FILE = YES;
				IPHONEOS_DEPLOYMENT_TARGET = 17.0;
				MARKETING_VERSION = 1.0;
				PRODUCT_BUNDLE_IDENTIFIER = santafe.ArrendamientoSantaFeTests;
				PRODUCT_NAME = "$(TARGET_NAME)";
				SWIFT_EMIT_LOC_STRINGS = NO;
				SWIFT_VERSION = 5.0;
				TARGETED_DEVICE_FAMILY = "1,2";
				TEST_HOST = "$(BUILT_PRODUCTS_DIR)/ArrendamientoSantaFe.app/$(BUNDLE_EXECUTABLE_FOLDER_PATH)/ArrendamientoSantaFe";
			};
			name = Debug;
		};
		2222F4752AEA00B200E7F2F6 /* Release */ = {
			isa = XCBuildConfiguration;
			buildSettings = {
				ALWAYS_EMBED_SWIFT_STANDARD_LIBRARIES = YES;
				BUNDLE_LOADER = "$(TEST_HOST)";
				CODE_SIGN_STYLE = Automatic;
				CURRENT_PROJECT_VERSION = 1;
				GENERATE_INFOPLIST_FILE = YES;
				IPHONEOS_DEPLOYMENT_TARGET = 17.0;
				MARKETING_VERSION = 1.0;
				PRODUCT_BUNDLE_IDENTIFIER = santafe.ArrendamientoSantaFeTests;
				PRODUCT_NAME = "$(TARGET_NAME)";
				SWIFT_EMIT_LOC_STRINGS = NO;
				SWIFT_VERSION = 5.0;
				TARGETED_DEVICE_FAMILY = "1,2";
				TEST_HOST = "$(BUILT_PRODUCTS_DIR)/ArrendamientoSantaFe.app/$(BUNDLE_EXECUTABLE_FOLDER_PATH)/ArrendamientoSantaFe";
			};
			name = Release;
		};
		2222F4772AEA00B200E7F2F6 /* Debug */ = {
			isa = XCBuildConfiguration;
			buildSettings = {
				ALWAYS_EMBED_SWIFT_STANDARD_LIBRARIES = YES;
				CODE_SIGN_STYLE = Automatic;
				CURRENT_PROJECT_VERSION = 1;
				GENERATE_INFOPLIST_FILE = YES;
				MARKETING_VERSION = 1.0;
				PRODUCT_BUNDLE_IDENTIFIER = santafe.ArrendamientoSantaFeUITests;
				PRODUCT_NAME = "$(TARGET_NAME)";
				SWIFT_EMIT_LOC_STRINGS = NO;
				SWIFT_VERSION = 5.0;
				TARGETED_DEVICE_FAMILY = "1,2";
				TEST_TARGET_NAME = ArrendamientoSantaFe;
			};
			name = Debug;
		};
		2222F4782AEA00B200E7F2F6 /* Release */ = {
			isa = XCBuildConfiguration;
			buildSettings = {
				ALWAYS_EMBED_SWIFT_STANDARD_LIBRARIES = YES;
				CODE_SIGN_STYLE = Automatic;
				CURRENT_PROJECT_VERSION = 1;
				GENERATE_INFOPLIST_FILE = YES;
				MARKETING_VERSION = 1.0;
				PRODUCT_BUNDLE_IDENTIFIER = santafe.ArrendamientoSantaFeUITests;
				PRODUCT_NAME = "$(TARGET_NAME)";
				SWIFT_EMIT_LOC_STRINGS = NO;
				SWIFT_VERSION = 5.0;
				TARGETED_DEVICE_FAMILY = "1,2";
				TEST_TARGET_NAME = ArrendamientoSantaFe;
			};
			name = Release;
		};
/* End XCBuildConfiguration section */

/* Begin XCConfigurationList section */
		2222F4472AEA00B100E7F2F6 /* Build configuration list for PBXProject "ArrendamientoSantaFe" */ = {
			isa = XCConfigurationList;
			buildConfigurations = (
				2222F46E2AEA00B200E7F2F6 /* Debug */,
				2222F46F2AEA00B200E7F2F6 /* Release */,
			);
			defaultConfigurationIsVisible = 0;
			defaultConfigurationName = Release;
		};
		2222F4702AEA00B200E7F2F6 /* Build configuration list for PBXNativeTarget "ArrendamientoSantaFe" */ = {
			isa = XCConfigurationList;
			buildConfigurations = (
				2222F4712AEA00B200E7F2F6 /* Debug */,
				2222F4722AEA00B200E7F2F6 /* Release */,
			);
			defaultConfigurationIsVisible = 0;
			defaultConfigurationName = Release;
		};
		2222F4732AEA00B200E7F2F6 /* Build configuration list for PBXNativeTarget "ArrendamientoSantaFeTests" */ = {
			isa = XCConfigurationList;
			buildConfigurations = (
				2222F4742AEA00B200E7F2F6 /* Debug */,
				2222F4752AEA00B200E7F2F6 /* Release */,
			);
			defaultConfigurationIsVisible = 0;
			defaultConfigurationName = Release;
		};
		2222F4762AEA00B200E7F2F6 /* Build configuration list for PBXNativeTarget "ArrendamientoSantaFeUITests" */ = {
			isa = XCConfigurationList;
			buildConfigurations = (
				2222F4772AEA00B200E7F2F6 /* Debug */,
				2222F4782AEA00B200E7F2F6 /* Release */,
			);
			defaultConfigurationIsVisible = 0;
			defaultConfigurationName = Release;
		};
/* End XCConfigurationList section */
	};
	rootObject = 2222F4442AEA00B100E7F2F6 /* Project object */;
}
